// !$*UTF8*$!
{
	archiveVersion = 1;
	classes = {
	};
	objectVersion = 50;
	objects = {

/* Begin PBXBuildFile section */
		F603C2B621FAAE7D003BFA1C /* StandardForm.swift in Sources */ = {isa = PBXBuildFile; fileRef = F603C2B521FAAE7D003BFA1C /* StandardForm.swift */; };
		F603C2B821FAAE8F003BFA1C /* StandardFormViewController.swift in Sources */ = {isa = PBXBuildFile; fileRef = F603C2B721FAAE8F003BFA1C /* StandardFormViewController.swift */; };
		F60A42CA217EC00C00AF9F6B /* StandardViewController.swift in Sources */ = {isa = PBXBuildFile; fileRef = F60A42C9217EC00C00AF9F6B /* StandardViewController.swift */; };
		F60A42CC217EC0A300AF9F6B /* GeneralViewController.swift in Sources */ = {isa = PBXBuildFile; fileRef = F60A42CB217EC0A300AF9F6B /* GeneralViewController.swift */; };
		F60A42CE217EC15C00AF9F6B /* StandardKeyboardNotificationUserInfo.swift in Sources */ = {isa = PBXBuildFile; fileRef = F60A42CD217EC15C00AF9F6B /* StandardKeyboardNotificationUserInfo.swift */; };
		F60A42D0217EC1D800AF9F6B /* StandardSize.swift in Sources */ = {isa = PBXBuildFile; fileRef = F60A42CF217EC1D800AF9F6B /* StandardSize.swift */; };
		F60A42D3217EC3C200AF9F6B /* ViewControllerExtensions.swift in Sources */ = {isa = PBXBuildFile; fileRef = F60A42D2217EC3C200AF9F6B /* ViewControllerExtensions.swift */; };
		F60A42D5217EC5E600AF9F6B /* Protocols.swift in Sources */ = {isa = PBXBuildFile; fileRef = F60A42D4217EC5E600AF9F6B /* Protocols.swift */; };
		F60A42D7217EC65B00AF9F6B /* StandardDiscretable.swift in Sources */ = {isa = PBXBuildFile; fileRef = F60A42D6217EC65B00AF9F6B /* StandardDiscretable.swift */; };
		F60A42D9217EC74800AF9F6B /* StandardConfigurable.swift in Sources */ = {isa = PBXBuildFile; fileRef = F60A42D8217EC74800AF9F6B /* StandardConfigurable.swift */; };
		F60A42DB217EC7DB00AF9F6B /* Extensions.swift in Sources */ = {isa = PBXBuildFile; fileRef = F60A42DA217EC7DB00AF9F6B /* Extensions.swift */; };
		F60A42DD217ED28E00AF9F6B /* StandardTimer.swift in Sources */ = {isa = PBXBuildFile; fileRef = F60A42DC217ED28E00AF9F6B /* StandardTimer.swift */; };
		F619948721B785030029EF00 /* Pattern.swift in Sources */ = {isa = PBXBuildFile; fileRef = F619948621B785030029EF00 /* Pattern.swift */; };
		F619948C21B7B6160029EF00 /* Namespace.swift in Sources */ = {isa = PBXBuildFile; fileRef = F619948B21B7B6160029EF00 /* Namespace.swift */; };
		F619948E21B7C89E0029EF00 /* ViewExtensions.swift in Sources */ = {isa = PBXBuildFile; fileRef = F619948D21B7C89E0029EF00 /* ViewExtensions.swift */; };
		F62E661D218C0661001E7DE9 /* GeneralTableViewController.swift in Sources */ = {isa = PBXBuildFile; fileRef = F62E661C218C0661001E7DE9 /* GeneralTableViewController.swift */; };
		F62E661F218C06BE001E7DE9 /* StandardTableView.swift in Sources */ = {isa = PBXBuildFile; fileRef = F62E661E218C06BE001E7DE9 /* StandardTableView.swift */; };
		F62E6622218C089B001E7DE9 /* Localizable.strings in Resources */ = {isa = PBXBuildFile; fileRef = F62E6624218C089B001E7DE9 /* Localizable.strings */; };
		F62E6627218C0DB8001E7DE9 /* Localization.swift in Sources */ = {isa = PBXBuildFile; fileRef = F62E6626218C0DB8001E7DE9 /* Localization.swift */; };
		F6399CAC221EB7C900D2FF9D /* Supports.swift in Sources */ = {isa = PBXBuildFile; fileRef = F6399CAB221EB7C900D2FF9D /* Supports.swift */; };
		F64BF4A521D227B2009AE92C /* CollectionExtensions.swift in Sources */ = {isa = PBXBuildFile; fileRef = F64BF4A421D227B2009AE92C /* CollectionExtensions.swift */; };
		F64BF4A721D22891009AE92C /* StringExtensions.swift in Sources */ = {isa = PBXBuildFile; fileRef = F64BF4A621D22891009AE92C /* StringExtensions.swift */; };
		F64BF4A921D228D5009AE92C /* NumericExtensions.swift in Sources */ = {isa = PBXBuildFile; fileRef = F64BF4A821D228D5009AE92C /* NumericExtensions.swift */; };
		F65D1A7E21806E02006CF3D5 /* StandardView.swift in Sources */ = {isa = PBXBuildFile; fileRef = F65D1A7D21806E02006CF3D5 /* StandardView.swift */; };
		F65D1A802180717F006CF3D5 /* GeneralScrollView.swift in Sources */ = {isa = PBXBuildFile; fileRef = F65D1A7F2180717F006CF3D5 /* GeneralScrollView.swift */; };
		F65D1A8221807347006CF3D5 /* StandardControl.swift in Sources */ = {isa = PBXBuildFile; fileRef = F65D1A8121807347006CF3D5 /* StandardControl.swift */; };
		F65D1A8421807353006CF3D5 /* StandardButton.swift in Sources */ = {isa = PBXBuildFile; fileRef = F65D1A8321807353006CF3D5 /* StandardButton.swift */; };
		F65D1A8721807380006CF3D5 /* StandardTableViewCell.swift in Sources */ = {isa = PBXBuildFile; fileRef = F65D1A8621807380006CF3D5 /* StandardTableViewCell.swift */; };
		F65D1A89218073A1006CF3D5 /* StandardTableViewHeaderFooterView.swift in Sources */ = {isa = PBXBuildFile; fileRef = F65D1A88218073A1006CF3D5 /* StandardTableViewHeaderFooterView.swift */; };
		F65D1A8B218073AB006CF3D5 /* StandardCollectionViewCell.swift in Sources */ = {isa = PBXBuildFile; fileRef = F65D1A8A218073AB006CF3D5 /* StandardCollectionViewCell.swift */; };
		F65D1A8D218073BC006CF3D5 /* GeneralTableViewTextHeaderFooterView.swift in Sources */ = {isa = PBXBuildFile; fileRef = F65D1A8C218073BC006CF3D5 /* GeneralTableViewTextHeaderFooterView.swift */; };
		F65D1A8F218074AC006CF3D5 /* GeneralButton.swift in Sources */ = {isa = PBXBuildFile; fileRef = F65D1A8E218074AC006CF3D5 /* GeneralButton.swift */; };
		F66242E721C104F700BDDBFF /* StandardTextView.swift in Sources */ = {isa = PBXBuildFile; fileRef = F66242E621C104F700BDDBFF /* StandardTextView.swift */; };
		F66242E921C1059500BDDBFF /* GeneralTextView.swift in Sources */ = {isa = PBXBuildFile; fileRef = F66242E821C1059500BDDBFF /* GeneralTextView.swift */; };
		F6A73FCD21BA837E00C091A4 /* Preference.swift in Sources */ = {isa = PBXBuildFile; fileRef = F619949821BA6FDF0029EF00 /* Preference.swift */; };
		F6D2A4122179FDD800B1B934 /* Zench.h in Headers */ = {isa = PBXBuildFile; fileRef = F6D2A4102179FDD800B1B934 /* Zench.h */; settings = {ATTRIBUTES = (Public, ); }; };
/* End PBXBuildFile section */

/* Begin PBXFileReference section */
		F603C2B521FAAE7D003BFA1C /* StandardForm.swift */ = {isa = PBXFileReference; lastKnownFileType = sourcecode.swift; path = StandardForm.swift; sourceTree = "<group>"; };
		F603C2B721FAAE8F003BFA1C /* StandardFormViewController.swift */ = {isa = PBXFileReference; lastKnownFileType = sourcecode.swift; path = StandardFormViewController.swift; sourceTree = "<group>"; };
		F60A42C9217EC00C00AF9F6B /* StandardViewController.swift */ = {isa = PBXFileReference; lastKnownFileType = sourcecode.swift; path = StandardViewController.swift; sourceTree = "<group>"; };
		F60A42CB217EC0A300AF9F6B /* GeneralViewController.swift */ = {isa = PBXFileReference; lastKnownFileType = sourcecode.swift; path = GeneralViewController.swift; sourceTree = "<group>"; };
		F60A42CD217EC15C00AF9F6B /* StandardKeyboardNotificationUserInfo.swift */ = {isa = PBXFileReference; lastKnownFileType = sourcecode.swift; path = StandardKeyboardNotificationUserInfo.swift; sourceTree = "<group>"; };
		F60A42CF217EC1D800AF9F6B /* StandardSize.swift */ = {isa = PBXFileReference; lastKnownFileType = sourcecode.swift; path = StandardSize.swift; sourceTree = "<group>"; };
		F60A42D2217EC3C200AF9F6B /* ViewControllerExtensions.swift */ = {isa = PBXFileReference; lastKnownFileType = sourcecode.swift; path = ViewControllerExtensions.swift; sourceTree = "<group>"; };
		F60A42D4217EC5E600AF9F6B /* Protocols.swift */ = {isa = PBXFileReference; lastKnownFileType = sourcecode.swift; path = Protocols.swift; sourceTree = "<group>"; };
		F60A42D6217EC65B00AF9F6B /* StandardDiscretable.swift */ = {isa = PBXFileReference; lastKnownFileType = sourcecode.swift; path = StandardDiscretable.swift; sourceTree = "<group>"; };
		F60A42D8217EC74800AF9F6B /* StandardConfigurable.swift */ = {isa = PBXFileReference; lastKnownFileType = sourcecode.swift; path = StandardConfigurable.swift; sourceTree = "<group>"; };
		F60A42DA217EC7DB00AF9F6B /* Extensions.swift */ = {isa = PBXFileReference; lastKnownFileType = sourcecode.swift; path = Extensions.swift; sourceTree = "<group>"; };
		F60A42DC217ED28E00AF9F6B /* StandardTimer.swift */ = {isa = PBXFileReference; lastKnownFileType = sourcecode.swift; path = StandardTimer.swift; sourceTree = "<group>"; };
		F619948621B785030029EF00 /* Pattern.swift */ = {isa = PBXFileReference; lastKnownFileType = sourcecode.swift; path = Pattern.swift; sourceTree = "<group>"; };
		F619948B21B7B6160029EF00 /* Namespace.swift */ = {isa = PBXFileReference; lastKnownFileType = sourcecode.swift; path = Namespace.swift; sourceTree = "<group>"; };
		F619948D21B7C89E0029EF00 /* ViewExtensions.swift */ = {isa = PBXFileReference; lastKnownFileType = sourcecode.swift; path = ViewExtensions.swift; sourceTree = "<group>"; };
		F619949821BA6FDF0029EF00 /* Preference.swift */ = {isa = PBXFileReference; lastKnownFileType = sourcecode.swift; path = Preference.swift; sourceTree = "<group>"; };
		F62E661C218C0661001E7DE9 /* GeneralTableViewController.swift */ = {isa = PBXFileReference; lastKnownFileType = sourcecode.swift; path = GeneralTableViewController.swift; sourceTree = "<group>"; };
		F62E661E218C06BE001E7DE9 /* StandardTableView.swift */ = {isa = PBXFileReference; lastKnownFileType = sourcecode.swift; path = StandardTableView.swift; sourceTree = "<group>"; };
		F62E6623218C089B001E7DE9 /* en */ = {isa = PBXFileReference; lastKnownFileType = text.plist.strings; name = en; path = en.lproj/Localizable.strings; sourceTree = "<group>"; };
		F62E6625218C0901001E7DE9 /* zh-Hans */ = {isa = PBXFileReference; lastKnownFileType = text.plist.strings; name = "zh-Hans"; path = "zh-Hans.lproj/Localizable.strings"; sourceTree = "<group>"; };
		F62E6626218C0DB8001E7DE9 /* Localization.swift */ = {isa = PBXFileReference; lastKnownFileType = sourcecode.swift; path = Localization.swift; sourceTree = "<group>"; };
		F6399CAB221EB7C900D2FF9D /* Supports.swift */ = {isa = PBXFileReference; lastKnownFileType = sourcecode.swift; path = Supports.swift; sourceTree = "<group>"; };
		F64BF4A421D227B2009AE92C /* CollectionExtensions.swift */ = {isa = PBXFileReference; lastKnownFileType = sourcecode.swift; path = CollectionExtensions.swift; sourceTree = "<group>"; };
		F64BF4A621D22891009AE92C /* StringExtensions.swift */ = {isa = PBXFileReference; lastKnownFileType = sourcecode.swift; path = StringExtensions.swift; sourceTree = "<group>"; };
		F64BF4A821D228D5009AE92C /* NumericExtensions.swift */ = {isa = PBXFileReference; lastKnownFileType = sourcecode.swift; path = NumericExtensions.swift; sourceTree = "<group>"; };
		F65D1A7D21806E02006CF3D5 /* StandardView.swift */ = {isa = PBXFileReference; lastKnownFileType = sourcecode.swift; path = StandardView.swift; sourceTree = "<group>"; };
		F65D1A7F2180717F006CF3D5 /* GeneralScrollView.swift */ = {isa = PBXFileReference; lastKnownFileType = sourcecode.swift; path = GeneralScrollView.swift; sourceTree = "<group>"; };
		F65D1A8121807347006CF3D5 /* StandardControl.swift */ = {isa = PBXFileReference; lastKnownFileType = sourcecode.swift; path = StandardControl.swift; sourceTree = "<group>"; };
		F65D1A8321807353006CF3D5 /* StandardButton.swift */ = {isa = PBXFileReference; lastKnownFileType = sourcecode.swift; path = StandardButton.swift; sourceTree = "<group>"; };
		F65D1A8621807380006CF3D5 /* StandardTableViewCell.swift */ = {isa = PBXFileReference; lastKnownFileType = sourcecode.swift; path = StandardTableViewCell.swift; sourceTree = "<group>"; };
		F65D1A88218073A1006CF3D5 /* StandardTableViewHeaderFooterView.swift */ = {isa = PBXFileReference; lastKnownFileType = sourcecode.swift; path = StandardTableViewHeaderFooterView.swift; sourceTree = "<group>"; };
		F65D1A8A218073AB006CF3D5 /* StandardCollectionViewCell.swift */ = {isa = PBXFileReference; lastKnownFileType = sourcecode.swift; path = StandardCollectionViewCell.swift; sourceTree = "<group>"; };
		F65D1A8C218073BC006CF3D5 /* GeneralTableViewTextHeaderFooterView.swift */ = {isa = PBXFileReference; lastKnownFileType = sourcecode.swift; path = GeneralTableViewTextHeaderFooterView.swift; sourceTree = "<group>"; };
		F65D1A8E218074AC006CF3D5 /* GeneralButton.swift */ = {isa = PBXFileReference; lastKnownFileType = sourcecode.swift; path = GeneralButton.swift; sourceTree = "<group>"; };
		F66242E621C104F700BDDBFF /* StandardTextView.swift */ = {isa = PBXFileReference; lastKnownFileType = sourcecode.swift; path = StandardTextView.swift; sourceTree = "<group>"; };
		F66242E821C1059500BDDBFF /* GeneralTextView.swift */ = {isa = PBXFileReference; lastKnownFileType = sourcecode.swift; path = GeneralTextView.swift; sourceTree = "<group>"; };
		F6D2A40D2179FDD800B1B934 /* Zench.framework */ = {isa = PBXFileReference; explicitFileType = wrapper.framework; includeInIndex = 0; path = Zench.framework; sourceTree = BUILT_PRODUCTS_DIR; };
		F6D2A4102179FDD800B1B934 /* Zench.h */ = {isa = PBXFileReference; lastKnownFileType = sourcecode.c.h; path = Zench.h; sourceTree = "<group>"; };
		F6D2A4112179FDD800B1B934 /* Info.plist */ = {isa = PBXFileReference; lastKnownFileType = text.plist.xml; path = Info.plist; sourceTree = "<group>"; };
/* End PBXFileReference section */

/* Begin PBXFrameworksBuildPhase section */
		F6D2A40A2179FDD800B1B934 /* Frameworks */ = {
			isa = PBXFrameworksBuildPhase;
			buildActionMask = 2147483647;
			files = (
			);
			runOnlyForDeploymentPostprocessing = 0;
		};
/* End PBXFrameworksBuildPhase section */

/* Begin PBXGroup section */
		F603C2B421FAAE39003BFA1C /* Form */ = {
			isa = PBXGroup;
			children = (
				F603C2B521FAAE7D003BFA1C /* StandardForm.swift */,
				F603C2B721FAAE8F003BFA1C /* StandardFormViewController.swift */,
			);
			path = Form;
			sourceTree = "<group>";
		};
		F60A42C4217EBF9D00AF9F6B /* View Controller */ = {
			isa = PBXGroup;
			children = (
				F60A42C9217EC00C00AF9F6B /* StandardViewController.swift */,
				F60A42CB217EC0A300AF9F6B /* GeneralViewController.swift */,
				F62E661C218C0661001E7DE9 /* GeneralTableViewController.swift */,
			);
			path = "View Controller";
			sourceTree = "<group>";
		};
		F60A42C5217EBFD200AF9F6B /* View */ = {
			isa = PBXGroup;
			children = (
				F66242E521C104E100BDDBFF /* Components */,
				F65D1A90218075F8006CF3D5 /* Table View */,
				F65D1A8521807363006CF3D5 /* Controls */,
				F65D1A7D21806E02006CF3D5 /* StandardView.swift */,
				F65D1A7F2180717F006CF3D5 /* GeneralScrollView.swift */,
				F65D1A8A218073AB006CF3D5 /* StandardCollectionViewCell.swift */,
			);
			path = View;
			sourceTree = "<group>";
		};
		F60A42C7217EBFDF00AF9F6B /* Protocols */ = {
			isa = PBXGroup;
			children = (
				F60A42D4217EC5E600AF9F6B /* Protocols.swift */,
				F60A42D6217EC65B00AF9F6B /* StandardDiscretable.swift */,
				F60A42D8217EC74800AF9F6B /* StandardConfigurable.swift */,
				F619948621B785030029EF00 /* Pattern.swift */,
				F6399CAB221EB7C900D2FF9D /* Supports.swift */,
			);
			path = Protocols;
			sourceTree = "<group>";
		};
		F60A42C8217EBFE900AF9F6B /* Infrastructure */ = {
			isa = PBXGroup;
			children = (
				F60A42CD217EC15C00AF9F6B /* StandardKeyboardNotificationUserInfo.swift */,
				F60A42CF217EC1D800AF9F6B /* StandardSize.swift */,
				F60A42DC217ED28E00AF9F6B /* StandardTimer.swift */,
			);
			path = Infrastructure;
			sourceTree = "<group>";
		};
		F60A42D1217EC3B000AF9F6B /* Extensions */ = {
			isa = PBXGroup;
			children = (
				F60A42D2217EC3C200AF9F6B /* ViewControllerExtensions.swift */,
				F60A42DA217EC7DB00AF9F6B /* Extensions.swift */,
				F619948B21B7B6160029EF00 /* Namespace.swift */,
				F619948D21B7C89E0029EF00 /* ViewExtensions.swift */,
				F64BF4A421D227B2009AE92C /* CollectionExtensions.swift */,
				F64BF4A621D22891009AE92C /* StringExtensions.swift */,
				F64BF4A821D228D5009AE92C /* NumericExtensions.swift */,
			);
			path = Extensions;
			sourceTree = "<group>";
		};
		F619949E21BA709D0029EF00 /* Global */ = {
			isa = PBXGroup;
			children = (
				F619949821BA6FDF0029EF00 /* Preference.swift */,
			);
			path = Global;
			sourceTree = "<group>";
		};
		F65D1A8521807363006CF3D5 /* Controls */ = {
			isa = PBXGroup;
			children = (
				F65D1A8121807347006CF3D5 /* StandardControl.swift */,
				F65D1A8321807353006CF3D5 /* StandardButton.swift */,
				F65D1A8E218074AC006CF3D5 /* GeneralButton.swift */,
			);
			path = Controls;
			sourceTree = "<group>";
		};
		F65D1A90218075F8006CF3D5 /* Table View */ = {
			isa = PBXGroup;
			children = (
				F65D1A8621807380006CF3D5 /* StandardTableViewCell.swift */,
				F65D1A88218073A1006CF3D5 /* StandardTableViewHeaderFooterView.swift */,
				F65D1A8C218073BC006CF3D5 /* GeneralTableViewTextHeaderFooterView.swift */,
				F62E661E218C06BE001E7DE9 /* StandardTableView.swift */,
			);
			path = "Table View";
			sourceTree = "<group>";
		};
		F66242E521C104E100BDDBFF /* Components */ = {
			isa = PBXGroup;
			children = (
				F66242E621C104F700BDDBFF /* StandardTextView.swift */,
				F66242E821C1059500BDDBFF /* GeneralTextView.swift */,
			);
			path = Components;
			sourceTree = "<group>";
		};
		F6D2A4032179FDD800B1B934 = {
			isa = PBXGroup;
			children = (
				F6D2A40F2179FDD800B1B934 /* Zench */,
				F6D2A40E2179FDD800B1B934 /* Products */,
			);
			sourceTree = "<group>";
		};
		F6D2A40E2179FDD800B1B934 /* Products */ = {
			isa = PBXGroup;
			children = (
				F6D2A40D2179FDD800B1B934 /* Zench.framework */,
			);
			name = Products;
			sourceTree = "<group>";
		};
		F6D2A40F2179FDD800B1B934 /* Zench */ = {
			isa = PBXGroup;
			children = (
				F603C2B421FAAE39003BFA1C /* Form */,
				F619949E21BA709D0029EF00 /* Global */,
				F60A42D1217EC3B000AF9F6B /* Extensions */,
				F60A42C8217EBFE900AF9F6B /* Infrastructure */,
				F60A42C7217EBFDF00AF9F6B /* Protocols */,
				F60A42C5217EBFD200AF9F6B /* View */,
				F60A42C4217EBF9D00AF9F6B /* View Controller */,
				F6D2A4102179FDD800B1B934 /* Zench.h */,
				F6D2A4112179FDD800B1B934 /* Info.plist */,
				F62E6624218C089B001E7DE9 /* Localizable.strings */,
				F62E6626218C0DB8001E7DE9 /* Localization.swift */,
			);
			path = Zench;
			sourceTree = "<group>";
		};
/* End PBXGroup section */

/* Begin PBXHeadersBuildPhase section */
		F6D2A4082179FDD800B1B934 /* Headers */ = {
			isa = PBXHeadersBuildPhase;
			buildActionMask = 2147483647;
			files = (
				F6D2A4122179FDD800B1B934 /* Zench.h in Headers */,
			);
			runOnlyForDeploymentPostprocessing = 0;
		};
/* End PBXHeadersBuildPhase section */

/* Begin PBXNativeTarget section */
		F6D2A40C2179FDD800B1B934 /* Zench */ = {
			isa = PBXNativeTarget;
			buildConfigurationList = F6D2A4152179FDD800B1B934 /* Build configuration list for PBXNativeTarget "Zench" */;
			buildPhases = (
				F6D2A4082179FDD800B1B934 /* Headers */,
				F6D2A4092179FDD800B1B934 /* Sources */,
				F6D2A40A2179FDD800B1B934 /* Frameworks */,
				F6D2A40B2179FDD800B1B934 /* Resources */,
			);
			buildRules = (
			);
			dependencies = (
			);
			name = Zench;
			productName = Zench;
			productReference = F6D2A40D2179FDD800B1B934 /* Zench.framework */;
			productType = "com.apple.product-type.framework";
		};
/* End PBXNativeTarget section */

/* Begin PBXProject section */
		F6D2A4042179FDD800B1B934 /* Project object */ = {
			isa = PBXProject;
			attributes = {
				LastUpgradeCheck = 1000;
				ORGANIZATIONNAME = Snoware;
				TargetAttributes = {
					F6D2A40C2179FDD800B1B934 = {
						CreatedOnToolsVersion = 10.0;
						LastSwiftMigration = 1000;
					};
				};
			};
			buildConfigurationList = F6D2A4072179FDD800B1B934 /* Build configuration list for PBXProject "Zench" */;
			compatibilityVersion = "Xcode 9.3";
			developmentRegion = en;
			hasScannedForEncodings = 0;
			knownRegions = (
				en,
				"zh-Hans",
			);
			mainGroup = F6D2A4032179FDD800B1B934;
			productRefGroup = F6D2A40E2179FDD800B1B934 /* Products */;
			projectDirPath = "";
			projectRoot = "";
			targets = (
				F6D2A40C2179FDD800B1B934 /* Zench */,
			);
		};
/* End PBXProject section */

/* Begin PBXResourcesBuildPhase section */
		F6D2A40B2179FDD800B1B934 /* Resources */ = {
			isa = PBXResourcesBuildPhase;
			buildActionMask = 2147483647;
			files = (
				F62E6622218C089B001E7DE9 /* Localizable.strings in Resources */,
			);
			runOnlyForDeploymentPostprocessing = 0;
		};
/* End PBXResourcesBuildPhase section */

/* Begin PBXSourcesBuildPhase section */
		F6D2A4092179FDD800B1B934 /* Sources */ = {
			isa = PBXSourcesBuildPhase;
			buildActionMask = 2147483647;
			files = (
				F60A42CA217EC00C00AF9F6B /* StandardViewController.swift in Sources */,
				F60A42DB217EC7DB00AF9F6B /* Extensions.swift in Sources */,
				F62E661F218C06BE001E7DE9 /* StandardTableView.swift in Sources */,
				F60A42D0217EC1D800AF9F6B /* StandardSize.swift in Sources */,
				F64BF4A921D228D5009AE92C /* NumericExtensions.swift in Sources */,
				F60A42CE217EC15C00AF9F6B /* StandardKeyboardNotificationUserInfo.swift in Sources */,
				F603C2B821FAAE8F003BFA1C /* StandardFormViewController.swift in Sources */,
				F65D1A8D218073BC006CF3D5 /* GeneralTableViewTextHeaderFooterView.swift in Sources */,
				F60A42D5217EC5E600AF9F6B /* Protocols.swift in Sources */,
				F619948C21B7B6160029EF00 /* Namespace.swift in Sources */,
				F62E6627218C0DB8001E7DE9 /* Localization.swift in Sources */,
				F60A42D7217EC65B00AF9F6B /* StandardDiscretable.swift in Sources */,
				F60A42D3217EC3C200AF9F6B /* ViewControllerExtensions.swift in Sources */,
				F65D1A8B218073AB006CF3D5 /* StandardCollectionViewCell.swift in Sources */,
				F64BF4A721D22891009AE92C /* StringExtensions.swift in Sources */,
				F65D1A89218073A1006CF3D5 /* StandardTableViewHeaderFooterView.swift in Sources */,
				F65D1A8F218074AC006CF3D5 /* GeneralButton.swift in Sources */,
				F6A73FCD21BA837E00C091A4 /* Preference.swift in Sources */,
				F60A42CC217EC0A300AF9F6B /* GeneralViewController.swift in Sources */,
				F603C2B621FAAE7D003BFA1C /* StandardForm.swift in Sources */,
				F60A42DD217ED28E00AF9F6B /* StandardTimer.swift in Sources */,
				F65D1A8221807347006CF3D5 /* StandardControl.swift in Sources */,
				F65D1A8421807353006CF3D5 /* StandardButton.swift in Sources */,
				F619948E21B7C89E0029EF00 /* ViewExtensions.swift in Sources */,
				F619948721B785030029EF00 /* Pattern.swift in Sources */,
				F65D1A7E21806E02006CF3D5 /* StandardView.swift in Sources */,
				F66242E921C1059500BDDBFF /* GeneralTextView.swift in Sources */,
				F62E661D218C0661001E7DE9 /* GeneralTableViewController.swift in Sources */,
				F66242E721C104F700BDDBFF /* StandardTextView.swift in Sources */,
				F65D1A802180717F006CF3D5 /* GeneralScrollView.swift in Sources */,
				F65D1A8721807380006CF3D5 /* StandardTableViewCell.swift in Sources */,
				F64BF4A521D227B2009AE92C /* CollectionExtensions.swift in Sources */,
				F60A42D9217EC74800AF9F6B /* StandardConfigurable.swift in Sources */,
				F6399CAC221EB7C900D2FF9D /* Supports.swift in Sources */,
			);
			runOnlyForDeploymentPostprocessing = 0;
		};
/* End PBXSourcesBuildPhase section */

/* Begin PBXVariantGroup section */
		F62E6624218C089B001E7DE9 /* Localizable.strings */ = {
			isa = PBXVariantGroup;
			children = (
				F62E6623218C089B001E7DE9 /* en */,
				F62E6625218C0901001E7DE9 /* zh-Hans */,
			);
			name = Localizable.strings;
			sourceTree = "<group>";
		};
/* End PBXVariantGroup section */

/* Begin XCBuildConfiguration section */
		F6D2A4132179FDD800B1B934 /* Debug */ = {
			isa = XCBuildConfiguration;
			buildSettings = {
				ALWAYS_SEARCH_USER_PATHS = NO;
				CLANG_ANALYZER_LOCALIZABILITY_NONLOCALIZED = YES;
				CLANG_ANALYZER_NONNULL = YES;
				CLANG_ANALYZER_NUMBER_OBJECT_CONVERSION = YES_AGGRESSIVE;
				CLANG_CXX_LANGUAGE_STANDARD = "gnu++14";
				CLANG_CXX_LIBRARY = "libc++";
				CLANG_ENABLE_MODULES = YES;
				CLANG_ENABLE_OBJC_ARC = YES;
				CLANG_ENABLE_OBJC_WEAK = YES;
				CLANG_WARN_BLOCK_CAPTURE_AUTORELEASING = YES;
				CLANG_WARN_BOOL_CONVERSION = YES;
				CLANG_WARN_COMMA = YES;
				CLANG_WARN_CONSTANT_CONVERSION = YES;
				CLANG_WARN_DEPRECATED_OBJC_IMPLEMENTATIONS = YES;
				CLANG_WARN_DIRECT_OBJC_ISA_USAGE = YES_ERROR;
				CLANG_WARN_DOCUMENTATION_COMMENTS = YES;
				CLANG_WARN_EMPTY_BODY = YES;
				CLANG_WARN_ENUM_CONVERSION = YES;
				CLANG_WARN_INFINITE_RECURSION = YES;
				CLANG_WARN_INT_CONVERSION = YES;
				CLANG_WARN_NON_LITERAL_NULL_CONVERSION = YES;
				CLANG_WARN_OBJC_IMPLICIT_RETAIN_SELF = YES;
				CLANG_WARN_OBJC_LITERAL_CONVERSION = YES;
				CLANG_WARN_OBJC_ROOT_CLASS = YES_ERROR;
				CLANG_WARN_RANGE_LOOP_ANALYSIS = YES;
				CLANG_WARN_STRICT_PROTOTYPES = YES;
				CLANG_WARN_SUSPICIOUS_MOVE = YES;
				CLANG_WARN_UNGUARDED_AVAILABILITY = YES_AGGRESSIVE;
				CLANG_WARN_UNREACHABLE_CODE = YES;
				CLANG_WARN__DUPLICATE_METHOD_MATCH = YES;
				CODE_SIGN_IDENTITY = "iPhone Developer";
				COPY_PHASE_STRIP = NO;
				CURRENT_PROJECT_VERSION = 1;
				DEBUG_INFORMATION_FORMAT = dwarf;
				ENABLE_STRICT_OBJC_MSGSEND = YES;
				ENABLE_TESTABILITY = YES;
				GCC_C_LANGUAGE_STANDARD = gnu11;
				GCC_DYNAMIC_NO_PIC = NO;
				GCC_NO_COMMON_BLOCKS = YES;
				GCC_OPTIMIZATION_LEVEL = 0;
				GCC_PREPROCESSOR_DEFINITIONS = (
					"DEBUG=1",
					"$(inherited)",
				);
				GCC_WARN_64_TO_32_BIT_CONVERSION = YES;
				GCC_WARN_ABOUT_RETURN_TYPE = YES_ERROR;
				GCC_WARN_UNDECLARED_SELECTOR = YES;
				GCC_WARN_UNINITIALIZED_AUTOS = YES_AGGRESSIVE;
				GCC_WARN_UNUSED_FUNCTION = YES;
				GCC_WARN_UNUSED_VARIABLE = YES;
				IPHONEOS_DEPLOYMENT_TARGET = 12.0;
				MTL_ENABLE_DEBUG_INFO = INCLUDE_SOURCE;
				MTL_FAST_MATH = YES;
				ONLY_ACTIVE_ARCH = YES;
				SDKROOT = iphoneos;
				SWIFT_ACTIVE_COMPILATION_CONDITIONS = DEBUG;
				SWIFT_OPTIMIZATION_LEVEL = "-Onone";
				VERSIONING_SYSTEM = "apple-generic";
				VERSION_INFO_PREFIX = "";
			};
			name = Debug;
		};
		F6D2A4142179FDD800B1B934 /* Release */ = {
			isa = XCBuildConfiguration;
			buildSettings = {
				ALWAYS_SEARCH_USER_PATHS = NO;
				CLANG_ANALYZER_LOCALIZABILITY_NONLOCALIZED = YES;
				CLANG_ANALYZER_NONNULL = YES;
				CLANG_ANALYZER_NUMBER_OBJECT_CONVERSION = YES_AGGRESSIVE;
				CLANG_CXX_LANGUAGE_STANDARD = "gnu++14";
				CLANG_CXX_LIBRARY = "libc++";
				CLANG_ENABLE_MODULES = YES;
				CLANG_ENABLE_OBJC_ARC = YES;
				CLANG_ENABLE_OBJC_WEAK = YES;
				CLANG_WARN_BLOCK_CAPTURE_AUTORELEASING = YES;
				CLANG_WARN_BOOL_CONVERSION = YES;
				CLANG_WARN_COMMA = YES;
				CLANG_WARN_CONSTANT_CONVERSION = YES;
				CLANG_WARN_DEPRECATED_OBJC_IMPLEMENTATIONS = YES;
				CLANG_WARN_DIRECT_OBJC_ISA_USAGE = YES_ERROR;
				CLANG_WARN_DOCUMENTATION_COMMENTS = YES;
				CLANG_WARN_EMPTY_BODY = YES;
				CLANG_WARN_ENUM_CONVERSION = YES;
				CLANG_WARN_INFINITE_RECURSION = YES;
				CLANG_WARN_INT_CONVERSION = YES;
				CLANG_WARN_NON_LITERAL_NULL_CONVERSION = YES;
				CLANG_WARN_OBJC_IMPLICIT_RETAIN_SELF = YES;
				CLANG_WARN_OBJC_LITERAL_CONVERSION = YES;
				CLANG_WARN_OBJC_ROOT_CLASS = YES_ERROR;
				CLANG_WARN_RANGE_LOOP_ANALYSIS = YES;
				CLANG_WARN_STRICT_PROTOTYPES = YES;
				CLANG_WARN_SUSPICIOUS_MOVE = YES;
				CLANG_WARN_UNGUARDED_AVAILABILITY = YES_AGGRESSIVE;
				CLANG_WARN_UNREACHABLE_CODE = YES;
				CLANG_WARN__DUPLICATE_METHOD_MATCH = YES;
				CODE_SIGN_IDENTITY = "iPhone Developer";
				COPY_PHASE_STRIP = NO;
				CURRENT_PROJECT_VERSION = 1;
				DEBUG_INFORMATION_FORMAT = "dwarf-with-dsym";
				ENABLE_NS_ASSERTIONS = NO;
				ENABLE_STRICT_OBJC_MSGSEND = YES;
				GCC_C_LANGUAGE_STANDARD = gnu11;
				GCC_NO_COMMON_BLOCKS = YES;
				GCC_WARN_64_TO_32_BIT_CONVERSION = YES;
				GCC_WARN_ABOUT_RETURN_TYPE = YES_ERROR;
				GCC_WARN_UNDECLARED_SELECTOR = YES;
				GCC_WARN_UNINITIALIZED_AUTOS = YES_AGGRESSIVE;
				GCC_WARN_UNUSED_FUNCTION = YES;
				GCC_WARN_UNUSED_VARIABLE = YES;
				IPHONEOS_DEPLOYMENT_TARGET = 12.0;
				MTL_ENABLE_DEBUG_INFO = NO;
				MTL_FAST_MATH = YES;
				SDKROOT = iphoneos;
				SWIFT_COMPILATION_MODE = wholemodule;
				SWIFT_OPTIMIZATION_LEVEL = "-O";
				VALIDATE_PRODUCT = YES;
				VERSIONING_SYSTEM = "apple-generic";
				VERSION_INFO_PREFIX = "";
			};
			name = Release;
		};
		F6D2A4162179FDD800B1B934 /* Debug */ = {
			isa = XCBuildConfiguration;
			buildSettings = {
				CLANG_ENABLE_MODULES = YES;
				CODE_SIGN_IDENTITY = "";
				CODE_SIGN_STYLE = Manual;
				DEFINES_MODULE = YES;
				DEVELOPMENT_TEAM = "";
				DYLIB_COMPATIBILITY_VERSION = 1;
				DYLIB_CURRENT_VERSION = 1;
				DYLIB_INSTALL_NAME_BASE = "@rpath";
				INFOPLIST_FILE = Zench/Info.plist;
				INSTALL_PATH = "$(LOCAL_LIBRARY_DIR)/Frameworks";
				IPHONEOS_DEPLOYMENT_TARGET = 9.0;
				LD_RUNPATH_SEARCH_PATHS = (
					"$(inherited)",
					"@executable_path/Frameworks",
					"@loader_path/Frameworks",
				);
				PRODUCT_BUNDLE_IDENTIFIER = com.Snoware.Zench;
				PRODUCT_NAME = "$(TARGET_NAME:c99extidentifier)";
				PROVISIONING_PROFILE_SPECIFIER = "";
				SKIP_INSTALL = YES;
				SWIFT_OPTIMIZATION_LEVEL = "-Onone";
				SWIFT_VERSION = 4.2;
				TARGETED_DEVICE_FAMILY = "1,2";
			};
			name = Debug;
		};
		F6D2A4172179FDD800B1B934 /* Release */ = {
			isa = XCBuildConfiguration;
			buildSettings = {
				CLANG_ENABLE_MODULES = YES;
				CODE_SIGN_IDENTITY = "";
				CODE_SIGN_STYLE = Manual;
				DEFINES_MODULE = YES;
				DEVELOPMENT_TEAM = "";
				DYLIB_COMPATIBILITY_VERSION = 1;
				DYLIB_CURRENT_VERSION = 1;
				DYLIB_INSTALL_NAME_BASE = "@rpath";
				INFOPLIST_FILE = Zench/Info.plist;
				INSTALL_PATH = "$(LOCAL_LIBRARY_DIR)/Frameworks";
				IPHONEOS_DEPLOYMENT_TARGET = 9.0;
				LD_RUNPATH_SEARCH_PATHS = (
					"$(inherited)",
					"@executable_path/Frameworks",
					"@loader_path/Frameworks",
				);
				PRODUCT_BUNDLE_IDENTIFIER = com.Snoware.Zench;
				PRODUCT_NAME = "$(TARGET_NAME:c99extidentifier)";
				PROVISIONING_PROFILE_SPECIFIER = "";
				SKIP_INSTALL = YES;
				SWIFT_VERSION = 4.2;
				TARGETED_DEVICE_FAMILY = "1,2";
			};
			name = Release;
		};
/* End XCBuildConfiguration section */

/* Begin XCConfigurationList section */
		F6D2A4072179FDD800B1B934 /* Build configuration list for PBXProject "Zench" */ = {
			isa = XCConfigurationList;
			buildConfigurations = (
				F6D2A4132179FDD800B1B934 /* Debug */,
				F6D2A4142179FDD800B1B934 /* Release */,
			);
			defaultConfigurationIsVisible = 0;
			defaultConfigurationName = Release;
		};
		F6D2A4152179FDD800B1B934 /* Build configuration list for PBXNativeTarget "Zench" */ = {
			isa = XCConfigurationList;
			buildConfigurations = (
				F6D2A4162179FDD800B1B934 /* Debug */,
				F6D2A4172179FDD800B1B934 /* Release */,
			);
			defaultConfigurationIsVisible = 0;
			defaultConfigurationName = Release;
		};
/* End XCConfigurationList section */
	};
	rootObject = F6D2A4042179FDD800B1B934 /* Project object */;
}
